PODS:
  - Alamofire (5.0.0-rc.3)
  - Cosmos (20.0.1)
  - FaveButton (3.2.1)
  - ImageSlideshow (1.8.1):
    - ImageSlideshow/Core (= 1.8.1)
  - ImageSlideshow/Core (1.8.1)
  - IQKeyboardManager (6.5.4)
  - Kingfisher (5.13.0):
    - Kingfisher/Core (= 5.13.0)
  - Kingfisher/Core (5.13.0)
  - PryntTrimmerView (4.0.0)
  - SideMenu (6.4.7)
  - SteviaLayout (4.7.3)
  - SwiftyJSON (4.3.0)
  - TextFieldEffects (1.6.0)
  - YPImagePicker (4.2.0):
    - PryntTrimmerView (~> 4.0.0)
    - SteviaLayout (~> 4.7.3)

DEPENDENCIES:
  - Alamofire (~> 5.0.0-rc.3)
  - Cosmos (~> 20.0)
  - FaveButton
  - ImageSlideshow (~> 1.8.1)
  - IQKeyboardManager
  - Kingfisher (~> 5.0)
  - SideMenu
  - SwiftyJSON (~> 4.0)
  - TextFieldEffects
  - YPImagePicker

SPEC REPOS:
  trunk:
    - Alamofire
    - Cosmos
    - FaveButton
    - ImageSlideshow
    - IQKeyboardManager
    - Kingfisher
    - PryntTrimmerView
    - SideMenu
    - SteviaLayout
    - SwiftyJSON
    - TextFieldEffects
    - YPImagePicker

SPEC CHECKSUMS:
  Alamofire: ca8c0de6906873be89d6deec5c8de279e00bf872
  Cosmos: b47fddf2102bb48580cd3025d9ce0a5c658a65da
  FaveButton: 93cfebf6030336fa7653fad2068c3152ed668b39
  ImageSlideshow: 634865d7d4e96f21e3830a31b51bde768cc94cea
  IQKeyboardManager: 72b359cd7e777e3a984cedbe05f8da45320cbb63
  Kingfisher: 0d334cada987fcddbe9b5cec516406e1ee9d4748
  PryntTrimmerView: 67e67573ffd4c073f1308effa66aefd0cfa667a0
  SideMenu: 928a015669c3afc201e1fe3a87f1b0bc8993a664
  SteviaLayout: c2ecdcff57d44e38fd2f65e54ad52aeae28ca0c4
  SwiftyJSON: 6faa0040f8b59dead0ee07436cbf76b73c08fd08
  TextFieldEffects: 529b8aff706fb40f82c41c780c0777941a893796
  YPImagePicker: accf310f9526641a84372c0ecf943547d9b1e52c

PODFILE CHECKSUM: 370ba30252d49ad2d64ef5f76d7de394f91d8b1c

COCOAPODS: 1.8.4
